
Microsoft Visual Studio Solution File, Format Version 12.00
# Visual Studio Version 17
VisualStudioVersion = 17.11.35208.52
MinimumVisualStudioVersion = 10.0.40219.1
Project("{FAE04EC0-301F-11D3-BF4B-00C04F79EFBC}") = "Week3-Library", "Week3-Library\Week3-Library.csproj", "{4516C6E1-6894-4E8E-899C-F79BC379FA6B}"
EndProject
Global
	GlobalSection(SolutionConfigurationPlatforms) = preSolution
		Debug|Any CPU = Debug|Any CPU
		Release|Any CPU = Release|Any CPU
	EndGlobalSection
	GlobalSection(ProjectConfigurationPlatforms) = postSolution
		{4516C6E1-6894-4E8E-899C-F79BC379FA6B}.Debug|Any CPU.ActiveCfg = Debug|Any CPU
		{4516C6E1-6894-4E8E-899C-F79BC379FA6B}.Debug|Any CPU.Build.0 = Debug|Any CPU
		{4516C6E1-6894-4E8E-899C-F79BC379FA6B}.Release|Any CPU.ActiveCfg = Release|Any CPU
		{4516C6E1-6894-4E8E-899C-F79BC379FA6B}.Release|Any CPU.Build.0 = Release|Any CPU
	EndGlobalSection
	GlobalSection(SolutionProperties) = preSolution
		HideSolutionNode = FALSE
	EndGlobalSection
	GlobalSection(ExtensibilityGlobals) = postSolution
		SolutionGuid = {E56D96F5-F2E7-4380-B000-A0554DB1FDEE}
	EndGlobalSection
EndGlobal
